// !$*UTF8*$!
{
	archiveVersion = 1;
	classes = {
	};
	objectVersion = 55;
	objects = {

/* Begin PBXBuildFile section */
		F8F0DAC728AED962001C34EC /* EmojiArtApp.swift in Sources */ = {isa = PBXBuildFile; fileRef = F8F0DAB328AED961001C34EC /* EmojiArtApp.swift */; };
		F8F0DAC828AED962001C34EC /* EmojiArtApp.swift in Sources */ = {isa = PBXBuildFile; fileRef = F8F0DAB328AED961001C34EC /* EmojiArtApp.swift */; };
		F8F0DAC928AED962001C34EC /* EmojiArtDocument.swift in Sources */ = {isa = PBXBuildFile; fileRef = F8F0DAB428AED961001C34EC /* EmojiArtDocument.swift */; };
		F8F0DACA28AED962001C34EC /* EmojiArtDocument.swift in Sources */ = {isa = PBXBuildFile; fileRef = F8F0DAB428AED961001C34EC /* EmojiArtDocument.swift */; };
		F8F0DACD28AED962001C34EC /* Assets.xcassets in Resources */ = {isa = PBXBuildFile; fileRef = F8F0DAB628AED962001C34EC /* Assets.xcassets */; };
		F8F0DACE28AED962001C34EC /* Assets.xcassets in Resources */ = {isa = PBXBuildFile; fileRef = F8F0DAB628AED962001C34EC /* Assets.xcassets */; };
		F8F0DAE228AFB3B1001C34EC /* Camera.swift in Sources */ = {isa = PBXBuildFile; fileRef = F8F0DAD728AFB3B0001C34EC /* Camera.swift */; };
		F8F0DAE428AFB3B1001C34EC /* EmojiArtModel.swift in Sources */ = {isa = PBXBuildFile; fileRef = F8F0DAD828AFB3B0001C34EC /* EmojiArtModel.swift */; };
		F8F0DAE528AFB3B1001C34EC /* EmojiArtModel.swift in Sources */ = {isa = PBXBuildFile; fileRef = F8F0DAD828AFB3B0001C34EC /* EmojiArtModel.swift */; };
		F8F0DAE628AFB3B1001C34EC /* PaletteStore.swift in Sources */ = {isa = PBXBuildFile; fileRef = F8F0DAD928AFB3B0001C34EC /* PaletteStore.swift */; };
		F8F0DAE728AFB3B1001C34EC /* PaletteStore.swift in Sources */ = {isa = PBXBuildFile; fileRef = F8F0DAD928AFB3B0001C34EC /* PaletteStore.swift */; };
		F8F0DAE828AFB3B1001C34EC /* PaletteManager.swift in Sources */ = {isa = PBXBuildFile; fileRef = F8F0DADA28AFB3B0001C34EC /* PaletteManager.swift */; };
		F8F0DAEA28AFB3B1001C34EC /* PaletteChooser.swift in Sources */ = {isa = PBXBuildFile; fileRef = F8F0DADB28AFB3B0001C34EC /* PaletteChooser.swift */; };
		F8F0DAEB28AFB3B1001C34EC /* PaletteChooser.swift in Sources */ = {isa = PBXBuildFile; fileRef = F8F0DADB28AFB3B0001C34EC /* PaletteChooser.swift */; };
		F8F0DAEC28AFB3B1001C34EC /* PaletteEditor.swift in Sources */ = {isa = PBXBuildFile; fileRef = F8F0DADC28AFB3B0001C34EC /* PaletteEditor.swift */; };
		F8F0DAED28AFB3B1001C34EC /* PaletteEditor.swift in Sources */ = {isa = PBXBuildFile; fileRef = F8F0DADC28AFB3B0001C34EC /* PaletteEditor.swift */; };
		F8F0DAEE28AFB3B1001C34EC /* EmojiArtDocumentView.swift in Sources */ = {isa = PBXBuildFile; fileRef = F8F0DADD28AFB3B1001C34EC /* EmojiArtDocumentView.swift */; };
		F8F0DAEF28AFB3B1001C34EC /* EmojiArtDocumentView.swift in Sources */ = {isa = PBXBuildFile; fileRef = F8F0DADD28AFB3B1001C34EC /* EmojiArtDocumentView.swift */; };
		F8F0DAF028AFB3B1001C34EC /* EmojiArtModel.Background.swift in Sources */ = {isa = PBXBuildFile; fileRef = F8F0DADE28AFB3B1001C34EC /* EmojiArtModel.Background.swift */; };
		F8F0DAF128AFB3B1001C34EC /* EmojiArtModel.Background.swift in Sources */ = {isa = PBXBuildFile; fileRef = F8F0DADE28AFB3B1001C34EC /* EmojiArtModel.Background.swift */; };
		F8F0DAF228AFB3B1001C34EC /* PhotoLibrary.swift in Sources */ = {isa = PBXBuildFile; fileRef = F8F0DADF28AFB3B1001C34EC /* PhotoLibrary.swift */; };
		F8F0DAF428AFB3B1001C34EC /* UtilityExtensions.swift in Sources */ = {isa = PBXBuildFile; fileRef = F8F0DAE028AFB3B1001C34EC /* UtilityExtensions.swift */; };
		F8F0DAF528AFB3B1001C34EC /* UtilityExtensions.swift in Sources */ = {isa = PBXBuildFile; fileRef = F8F0DAE028AFB3B1001C34EC /* UtilityExtensions.swift */; };
		F8F0DAF628AFB3B1001C34EC /* UtilityViews.swift in Sources */ = {isa = PBXBuildFile; fileRef = F8F0DAE128AFB3B1001C34EC /* UtilityViews.swift */; };
		F8F0DAF728AFB3B1001C34EC /* UtilityViews.swift in Sources */ = {isa = PBXBuildFile; fileRef = F8F0DAE128AFB3B1001C34EC /* UtilityViews.swift */; };
		F8F0DAFD28AFB6A4001C34EC /* macOS.swift in Sources */ = {isa = PBXBuildFile; fileRef = F8F0DAFB28AFB6A4001C34EC /* macOS.swift */; };
		F8F0DAFF28AFB91F001C34EC /* iOS.swift in Sources */ = {isa = PBXBuildFile; fileRef = F8F0DAFE28AFB91F001C34EC /* iOS.swift */; };
/* End PBXBuildFile section */

/* Begin PBXFileReference section */
		F8F0DAB328AED961001C34EC /* EmojiArtApp.swift */ = {isa = PBXFileReference; lastKnownFileType = sourcecode.swift; path = EmojiArtApp.swift; sourceTree = "<group>"; };
		F8F0DAB428AED961001C34EC /* EmojiArtDocument.swift */ = {isa = PBXFileReference; lastKnownFileType = sourcecode.swift; path = EmojiArtDocument.swift; sourceTree = "<group>"; };
		F8F0DAB628AED962001C34EC /* Assets.xcassets */ = {isa = PBXFileReference; lastKnownFileType = folder.assetcatalog; path = Assets.xcassets; sourceTree = "<group>"; };
		F8F0DABB28AED962001C34EC /* EmojiArt.app */ = {isa = PBXFileReference; explicitFileType = wrapper.application; includeInIndex = 0; path = EmojiArt.app; sourceTree = BUILT_PRODUCTS_DIR; };
		F8F0DABE28AED962001C34EC /* Info.plist */ = {isa = PBXFileReference; lastKnownFileType = text.plist.xml; path = Info.plist; sourceTree = "<group>"; };
		F8F0DAC328AED962001C34EC /* EmojiArt.app */ = {isa = PBXFileReference; explicitFileType = wrapper.application; includeInIndex = 0; path = EmojiArt.app; sourceTree = BUILT_PRODUCTS_DIR; };
		F8F0DAC528AED962001C34EC /* Info.plist */ = {isa = PBXFileReference; lastKnownFileType = text.plist.xml; path = Info.plist; sourceTree = "<group>"; };
		F8F0DAC628AED962001C34EC /* macOS.entitlements */ = {isa = PBXFileReference; lastKnownFileType = text.plist.entitlements; path = macOS.entitlements; sourceTree = "<group>"; };
		F8F0DAD728AFB3B0001C34EC /* Camera.swift */ = {isa = PBXFileReference; fileEncoding = 4; lastKnownFileType = sourcecode.swift; path = Camera.swift; sourceTree = "<group>"; };
		F8F0DAD828AFB3B0001C34EC /* EmojiArtModel.swift */ = {isa = PBXFileReference; fileEncoding = 4; lastKnownFileType = sourcecode.swift; path = EmojiArtModel.swift; sourceTree = "<group>"; };
		F8F0DAD928AFB3B0001C34EC /* PaletteStore.swift */ = {isa = PBXFileReference; fileEncoding = 4; lastKnownFileType = sourcecode.swift; path = PaletteStore.swift; sourceTree = "<group>"; };
		F8F0DADA28AFB3B0001C34EC /* PaletteManager.swift */ = {isa = PBXFileReference; fileEncoding = 4; lastKnownFileType = sourcecode.swift; path = PaletteManager.swift; sourceTree = "<group>"; };
		F8F0DADB28AFB3B0001C34EC /* PaletteChooser.swift */ = {isa = PBXFileReference; fileEncoding = 4; lastKnownFileType = sourcecode.swift; path = PaletteChooser.swift; sourceTree = "<group>"; };
		F8F0DADC28AFB3B0001C34EC /* PaletteEditor.swift */ = {isa = PBXFileReference; fileEncoding = 4; lastKnownFileType = sourcecode.swift; path = PaletteEditor.swift; sourceTree = "<group>"; };
		F8F0DADD28AFB3B1001C34EC /* EmojiArtDocumentView.swift */ = {isa = PBXFileReference; fileEncoding = 4; lastKnownFileType = sourcecode.swift; path = EmojiArtDocumentView.swift; sourceTree = "<group>"; };
		F8F0DADE28AFB3B1001C34EC /* EmojiArtModel.Background.swift */ = {isa = PBXFileReference; fileEncoding = 4; lastKnownFileType = sourcecode.swift; path = EmojiArtModel.Background.swift; sourceTree = "<group>"; };
		F8F0DADF28AFB3B1001C34EC /* PhotoLibrary.swift */ = {isa = PBXFileReference; fileEncoding = 4; lastKnownFileType = sourcecode.swift; path = PhotoLibrary.swift; sourceTree = "<group>"; };
		F8F0DAE028AFB3B1001C34EC /* UtilityExtensions.swift */ = {isa = PBXFileReference; fileEncoding = 4; lastKnownFileType = sourcecode.swift; path = UtilityExtensions.swift; sourceTree = "<group>"; };
		F8F0DAE128AFB3B1001C34EC /* UtilityViews.swift */ = {isa = PBXFileReference; fileEncoding = 4; lastKnownFileType = sourcecode.swift; path = UtilityViews.swift; sourceTree = "<group>"; };
		F8F0DAFB28AFB6A4001C34EC /* macOS.swift */ = {isa = PBXFileReference; lastKnownFileType = sourcecode.swift; path = macOS.swift; sourceTree = "<group>"; };
		F8F0DAFE28AFB91F001C34EC /* iOS.swift */ = {isa = PBXFileReference; lastKnownFileType = sourcecode.swift; path = iOS.swift; sourceTree = "<group>"; };
/* End PBXFileReference section */

/* Begin PBXFrameworksBuildPhase section */
		F8F0DAB828AED962001C34EC /* Frameworks */ = {
			isa = PBXFrameworksBuildPhase;
			buildActionMask = 2147483647;
			files = (
			);
			runOnlyForDeploymentPostprocessing = 0;
		};
		F8F0DAC028AED962001C34EC /* Frameworks */ = {
			isa = PBXFrameworksBuildPhase;
			buildActionMask = 2147483647;
			files = (
			);
			runOnlyForDeploymentPostprocessing = 0;
		};
/* End PBXFrameworksBuildPhase section */

/* Begin PBXGroup section */
		F8F0DAAD28AED961001C34EC = {
			isa = PBXGroup;
			children = (
				F8F0DAB228AED961001C34EC /* Shared */,
				F8F0DABD28AED962001C34EC /* iOS */,
				F8F0DAC428AED962001C34EC /* macOS */,
				F8F0DABC28AED962001C34EC /* Products */,
			);
			sourceTree = "<group>";
		};
		F8F0DAB228AED961001C34EC /* Shared */ = {
			isa = PBXGroup;
			children = (
				F8F0DAB328AED961001C34EC /* EmojiArtApp.swift */,
				F8F0DAB428AED961001C34EC /* EmojiArtDocument.swift */,
				F8F0DADD28AFB3B1001C34EC /* EmojiArtDocumentView.swift */,
				F8F0DADE28AFB3B1001C34EC /* EmojiArtModel.Background.swift */,
				F8F0DAD828AFB3B0001C34EC /* EmojiArtModel.swift */,
				F8F0DADB28AFB3B0001C34EC /* PaletteChooser.swift */,
				F8F0DADC28AFB3B0001C34EC /* PaletteEditor.swift */,
				F8F0DAD928AFB3B0001C34EC /* PaletteStore.swift */,
				F8F0DAE028AFB3B1001C34EC /* UtilityExtensions.swift */,
				F8F0DAE128AFB3B1001C34EC /* UtilityViews.swift */,
				F8F0DAB628AED962001C34EC /* Assets.xcassets */,
			);
			path = Shared;
			sourceTree = "<group>";
		};
		F8F0DABC28AED962001C34EC /* Products */ = {
			isa = PBXGroup;
			children = (
				F8F0DABB28AED962001C34EC /* EmojiArt.app */,
				F8F0DAC328AED962001C34EC /* EmojiArt.app */,
			);
			name = Products;
			sourceTree = "<group>";
		};
		F8F0DABD28AED962001C34EC /* iOS */ = {
			isa = PBXGroup;
			children = (
				F8F0DADF28AFB3B1001C34EC /* PhotoLibrary.swift */,
				F8F0DAD728AFB3B0001C34EC /* Camera.swift */,
				F8F0DADA28AFB3B0001C34EC /* PaletteManager.swift */,
				F8F0DABE28AED962001C34EC /* Info.plist */,
				F8F0DAFE28AFB91F001C34EC /* iOS.swift */,
			);
			path = iOS;
			sourceTree = "<group>";
		};
		F8F0DAC428AED962001C34EC /* macOS */ = {
			isa = PBXGroup;
			children = (
				F8F0DAC528AED962001C34EC /* Info.plist */,
				F8F0DAC628AED962001C34EC /* macOS.entitlements */,
				F8F0DAFB28AFB6A4001C34EC /* macOS.swift */,
			);
			path = macOS;
			sourceTree = "<group>";
		};
/* End PBXGroup section */

/* Begin PBXNativeTarget section */
		F8F0DABA28AED962001C34EC /* EmojiArt (iOS) */ = {
			isa = PBXNativeTarget;
			buildConfigurationList = F8F0DAD128AED962001C34EC /* Build configuration list for PBXNativeTarget "EmojiArt (iOS)" */;
			buildPhases = (
				F8F0DAB728AED962001C34EC /* Sources */,
				F8F0DAB828AED962001C34EC /* Frameworks */,
				F8F0DAB928AED962001C34EC /* Resources */,
			);
			buildRules = (
			);
			dependencies = (
			);
			name = "EmojiArt (iOS)";
			productName = "EmojiArt (iOS)";
			productReference = F8F0DABB28AED962001C34EC /* EmojiArt.app */;
			productType = "com.apple.product-type.application";
		};
		F8F0DAC228AED962001C34EC /* EmojiArt (macOS) */ = {
			isa = PBXNativeTarget;
			buildConfigurationList = F8F0DAD428AED962001C34EC /* Build configuration list for PBXNativeTarget "EmojiArt (macOS)" */;
			buildPhases = (
				F8F0DABF28AED962001C34EC /* Sources */,
				F8F0DAC028AED962001C34EC /* Frameworks */,
				F8F0DAC128AED962001C34EC /* Resources */,
			);
			buildRules = (
			);
			dependencies = (
			);
			name = "EmojiArt (macOS)";
			productName = "EmojiArt (macOS)";
			productReference = F8F0DAC328AED962001C34EC /* EmojiArt.app */;
			productType = "com.apple.product-type.application";
		};
/* End PBXNativeTarget section */

/* Begin PBXProject section */
		F8F0DAAE28AED961001C34EC /* Project object */ = {
			isa = PBXProject;
			attributes = {
				BuildIndependentTargetsInParallel = 1;
				LastSwiftUpdateCheck = 1340;
				LastUpgradeCheck = 1340;
				TargetAttributes = {
					F8F0DABA28AED962001C34EC = {
						CreatedOnToolsVersion = 13.4.1;
					};
					F8F0DAC228AED962001C34EC = {
						CreatedOnToolsVersion = 13.4.1;
					};
				};
			};
			buildConfigurationList = F8F0DAB128AED961001C34EC /* Build configuration list for PBXProject "EmojiArt" */;
			compatibilityVersion = "Xcode 13.0";
			developmentRegion = en;
			hasScannedForEncodings = 0;
			knownRegions = (
				en,
				Base,
			);
			mainGroup = F8F0DAAD28AED961001C34EC;
			productRefGroup = F8F0DABC28AED962001C34EC /* Products */;
			projectDirPath = "";
			projectRoot = "";
			targets = (
				F8F0DABA28AED962001C34EC /* EmojiArt (iOS) */,
				F8F0DAC228AED962001C34EC /* EmojiArt (macOS) */,
			);
		};
/* End PBXProject section */

/* Begin PBXResourcesBuildPhase section */
		F8F0DAB928AED962001C34EC /* Resources */ = {
			isa = PBXResourcesBuildPhase;
			buildActionMask = 2147483647;
			files = (
				F8F0DACD28AED962001C34EC /* Assets.xcassets in Resources */,
			);
			runOnlyForDeploymentPostprocessing = 0;
		};
		F8F0DAC128AED962001C34EC /* Resources */ = {
			isa = PBXResourcesBuildPhase;
			buildActionMask = 2147483647;
			files = (
				F8F0DACE28AED962001C34EC /* Assets.xcassets in Resources */,
			);
			runOnlyForDeploymentPostprocessing = 0;
		};
/* End PBXResourcesBuildPhase section */

/* Begin PBXSourcesBuildPhase section */
		F8F0DAB728AED962001C34EC /* Sources */ = {
			isa = PBXSourcesBuildPhase;
			buildActionMask = 2147483647;
			files = (
				F8F0DAC728AED962001C34EC /* EmojiArtApp.swift in Sources */,
				F8F0DAE628AFB3B1001C34EC /* PaletteStore.swift in Sources */,
				F8F0DAF428AFB3B1001C34EC /* UtilityExtensions.swift in Sources */,
				F8F0DAEE28AFB3B1001C34EC /* EmojiArtDocumentView.swift in Sources */,
				F8F0DAF628AFB3B1001C34EC /* UtilityViews.swift in Sources */,
				F8F0DAC928AED962001C34EC /* EmojiArtDocument.swift in Sources */,
				F8F0DAE428AFB3B1001C34EC /* EmojiArtModel.swift in Sources */,
				F8F0DAFF28AFB91F001C34EC /* iOS.swift in Sources */,
				F8F0DAEC28AFB3B1001C34EC /* PaletteEditor.swift in Sources */,
				F8F0DAF228AFB3B1001C34EC /* PhotoLibrary.swift in Sources */,
				F8F0DAEA28AFB3B1001C34EC /* PaletteChooser.swift in Sources */,
				F8F0DAE228AFB3B1001C34EC /* Camera.swift in Sources */,
				F8F0DAE828AFB3B1001C34EC /* PaletteManager.swift in Sources */,
				F8F0DAF028AFB3B1001C34EC /* EmojiArtModel.Background.swift in Sources */,
			);
			runOnlyForDeploymentPostprocessing = 0;
		};
		F8F0DABF28AED962001C34EC /* Sources */ = {
			isa = PBXSourcesBuildPhase;
			buildActionMask = 2147483647;
			files = (
				F8F0DAC828AED962001C34EC /* EmojiArtApp.swift in Sources */,
				F8F0DAE728AFB3B1001C34EC /* PaletteStore.swift in Sources */,
				F8F0DAF528AFB3B1001C34EC /* UtilityExtensions.swift in Sources */,
				F8F0DAEF28AFB3B1001C34EC /* EmojiArtDocumentView.swift in Sources */,
				F8F0DAF728AFB3B1001C34EC /* UtilityViews.swift in Sources */,
				F8F0DACA28AED962001C34EC /* EmojiArtDocument.swift in Sources */,
				F8F0DAE528AFB3B1001C34EC /* EmojiArtModel.swift in Sources */,
				F8F0DAED28AFB3B1001C34EC /* PaletteEditor.swift in Sources */,
				F8F0DAFD28AFB6A4001C34EC /* macOS.swift in Sources */,
				F8F0DAEB28AFB3B1001C34EC /* PaletteChooser.swift in Sources */,
				F8F0DAF128AFB3B1001C34EC /* EmojiArtModel.Background.swift in Sources */,
			);
			runOnlyForDeploymentPostprocessing = 0;
		};
/* End PBXSourcesBuildPhase section */

/* Begin XCBuildConfiguration section */
		F8F0DACF28AED962001C34EC /* Debug */ = {
			isa = XCBuildConfiguration;
			buildSettings = {
				ALWAYS_SEARCH_USER_PATHS = NO;
				CLANG_ANALYZER_NONNULL = YES;
				CLANG_ANALYZER_NUMBER_OBJECT_CONVERSION = YES_AGGRESSIVE;
				CLANG_CXX_LANGUAGE_STANDARD = "gnu++17";
				CLANG_ENABLE_MODULES = YES;
				CLANG_ENABLE_OBJC_ARC = YES;
				CLANG_ENABLE_OBJC_WEAK = YES;
				CLANG_WARN_BLOCK_CAPTURE_AUTORELEASING = YES;
				CLANG_WARN_BOOL_CONVERSION = YES;
				CLANG_WARN_COMMA = YES;
				CLANG_WARN_CONSTANT_CONVERSION = YES;
				CLANG_WARN_DEPRECATED_OBJC_IMPLEMENTATIONS = YES;
				CLANG_WARN_DIRECT_OBJC_ISA_USAGE = YES_ERROR;
				CLANG_WARN_DOCUMENTATION_COMMENTS = YES;
				CLANG_WARN_EMPTY_BODY = YES;
				CLANG_WARN_ENUM_CONVERSION = YES;
				CLANG_WARN_INFINITE_RECURSION = YES;
				CLANG_WARN_INT_CONVERSION = YES;
				CLANG_WARN_NON_LITERAL_NULL_CONVERSION = YES;
				CLANG_WARN_OBJC_IMPLICIT_RETAIN_SELF = YES;
				CLANG_WARN_OBJC_LITERAL_CONVERSION = YES;
				CLANG_WARN_OBJC_ROOT_CLASS = YES_ERROR;
				CLANG_WARN_QUOTED_INCLUDE_IN_FRAMEWORK_HEADER = YES;
				CLANG_WARN_RANGE_LOOP_ANALYSIS = YES;
				CLANG_WARN_STRICT_PROTOTYPES = YES;
				CLANG_WARN_SUSPICIOUS_MOVE = YES;
				CLANG_WARN_UNGUARDED_AVAILABILITY = YES_AGGRESSIVE;
				CLANG_WARN_UNREACHABLE_CODE = YES;
				CLANG_WARN__DUPLICATE_METHOD_MATCH = YES;
				COPY_PHASE_STRIP = NO;
				DEBUG_INFORMATION_FORMAT = dwarf;
				ENABLE_STRICT_OBJC_MSGSEND = YES;
				ENABLE_TESTABILITY = YES;
				GCC_C_LANGUAGE_STANDARD = gnu11;
				GCC_DYNAMIC_NO_PIC = NO;
				GCC_NO_COMMON_BLOCKS = YES;
				GCC_OPTIMIZATION_LEVEL = 0;
				GCC_PREPROCESSOR_DEFINITIONS = (
					"DEBUG=1",
					"$(inherited)",
				);
				GCC_WARN_64_TO_32_BIT_CONVERSION = YES;
				GCC_WARN_ABOUT_RETURN_TYPE = YES_ERROR;
				GCC_WARN_UNDECLARED_SELECTOR = YES;
				GCC_WARN_UNINITIALIZED_AUTOS = YES_AGGRESSIVE;
				GCC_WARN_UNUSED_FUNCTION = YES;
				GCC_WARN_UNUSED_VARIABLE = YES;
				MTL_ENABLE_DEBUG_INFO = INCLUDE_SOURCE;
				MTL_FAST_MATH = YES;
				ONLY_ACTIVE_ARCH = YES;
				SWIFT_ACTIVE_COMPILATION_CONDITIONS = DEBUG;
				SWIFT_OPTIMIZATION_LEVEL = "-Onone";
			};
			name = Debug;
		};
		F8F0DAD028AED962001C34EC /* Release */ = {
			isa = XCBuildConfiguration;
			buildSettings = {
				ALWAYS_SEARCH_USER_PATHS = NO;
				CLANG_ANALYZER_NONNULL = YES;
				CLANG_ANALYZER_NUMBER_OBJECT_CONVERSION = YES_AGGRESSIVE;
				CLANG_CXX_LANGUAGE_STANDARD = "gnu++17";
				CLANG_ENABLE_MODULES = YES;
				CLANG_ENABLE_OBJC_ARC = YES;
				CLANG_ENABLE_OBJC_WEAK = YES;
				CLANG_WARN_BLOCK_CAPTURE_AUTORELEASING = YES;
				CLANG_WARN_BOOL_CONVERSION = YES;
				CLANG_WARN_COMMA = YES;
				CLANG_WARN_CONSTANT_CONVERSION = YES;
				CLANG_WARN_DEPRECATED_OBJC_IMPLEMENTATIONS = YES;
				CLANG_WARN_DIRECT_OBJC_ISA_USAGE = YES_ERROR;
				CLANG_WARN_DOCUMENTATION_COMMENTS = YES;
				CLANG_WARN_EMPTY_BODY = YES;
				CLANG_WARN_ENUM_CONVERSION = YES;
				CLANG_WARN_INFINITE_RECURSION = YES;
				CLANG_WARN_INT_CONVERSION = YES;
				CLANG_WARN_NON_LITERAL_NULL_CONVERSION = YES;
				CLANG_WARN_OBJC_IMPLICIT_RETAIN_SELF = YES;
				CLANG_WARN_OBJC_LITERAL_CONVERSION = YES;
				CLANG_WARN_OBJC_ROOT_CLASS = YES_ERROR;
				CLANG_WARN_QUOTED_INCLUDE_IN_FRAMEWORK_HEADER = YES;
				CLANG_WARN_RANGE_LOOP_ANALYSIS = YES;
				CLANG_WARN_STRICT_PROTOTYPES = YES;
				CLANG_WARN_SUSPICIOUS_MOVE = YES;
				CLANG_WARN_UNGUARDED_AVAILABILITY = YES_AGGRESSIVE;
				CLANG_WARN_UNREACHABLE_CODE = YES;
				CLANG_WARN__DUPLICATE_METHOD_MATCH = YES;
				COPY_PHASE_STRIP = NO;
				DEBUG_INFORMATION_FORMAT = "dwarf-with-dsym";
				ENABLE_NS_ASSERTIONS = NO;
				ENABLE_STRICT_OBJC_MSGSEND = YES;
				GCC_C_LANGUAGE_STANDARD = gnu11;
				GCC_NO_COMMON_BLOCKS = YES;
				GCC_WARN_64_TO_32_BIT_CONVERSION = YES;
				GCC_WARN_ABOUT_RETURN_TYPE = YES_ERROR;
				GCC_WARN_UNDECLARED_SELECTOR = YES;
				GCC_WARN_UNINITIALIZED_AUTOS = YES_AGGRESSIVE;
				GCC_WARN_UNUSED_FUNCTION = YES;
				GCC_WARN_UNUSED_VARIABLE = YES;
				MTL_ENABLE_DEBUG_INFO = NO;
				MTL_FAST_MATH = YES;
				SWIFT_COMPILATION_MODE = wholemodule;
				SWIFT_OPTIMIZATION_LEVEL = "-O";
			};
			name = Release;
		};
		F8F0DAD228AED962001C34EC /* Debug */ = {
			isa = XCBuildConfiguration;
			buildSettings = {
				ASSETCATALOG_COMPILER_APPICON_NAME = AppIcon;
				ASSETCATALOG_COMPILER_GLOBAL_ACCENT_COLOR_NAME = AccentColor;
				CODE_SIGN_STYLE = Automatic;
				CURRENT_PROJECT_VERSION = 1;
				DEVELOPMENT_TEAM = EKZMJ583Y3;
				ENABLE_PREVIEWS = YES;
				GENERATE_INFOPLIST_FILE = YES;
				INFOPLIST_FILE = iOS/Info.plist;
				INFOPLIST_KEY_LSSupportsOpeningDocumentsInPlace = YES;
				INFOPLIST_KEY_UIApplicationSceneManifest_Generation = YES;
				INFOPLIST_KEY_UIApplicationSupportsIndirectInputEvents = YES;
				INFOPLIST_KEY_UILaunchScreen_Generation = YES;
				INFOPLIST_KEY_UISupportedInterfaceOrientations_iPad = "UIInterfaceOrientationPortrait UIInterfaceOrientationPortraitUpsideDown UIInterfaceOrientationLandscapeLeft UIInterfaceOrientationLandscapeRight";
				INFOPLIST_KEY_UISupportedInterfaceOrientations_iPhone = "UIInterfaceOrientationPortrait UIInterfaceOrientationLandscapeLeft UIInterfaceOrientationLandscapeRight";
				INFOPLIST_KEY_UISupportsDocumentBrowser = YES;
				IPHONEOS_DEPLOYMENT_TARGET = 15.5;
				LD_RUNPATH_SEARCH_PATHS = (
					"$(inherited)",
					"@executable_path/Frameworks",
				);
				MARKETING_VERSION = 1.0;
				PRODUCT_BUNDLE_IDENTIFIER = com.CRG.EmojiArt;
				PRODUCT_NAME = EmojiArt;
				SDKROOT = iphoneos;
				SWIFT_EMIT_LOC_STRINGS = YES;
				SWIFT_VERSION = 5.0;
				TARGETED_DEVICE_FAMILY = "1,2";
			};
			name = Debug;
		};
		F8F0DAD328AED962001C34EC /* Release */ = {
			isa = XCBuildConfiguration;
			buildSettings = {
				ASSETCATALOG_COMPILER_APPICON_NAME = AppIcon;
				ASSETCATALOG_COMPILER_GLOBAL_ACCENT_COLOR_NAME = AccentColor;
				CODE_SIGN_STYLE = Automatic;
				CURRENT_PROJECT_VERSION = 1;
				DEVELOPMENT_TEAM = EKZMJ583Y3;
				ENABLE_PREVIEWS = YES;
				GENERATE_INFOPLIST_FILE = YES;
				INFOPLIST_FILE = iOS/Info.plist;
				INFOPLIST_KEY_LSSupportsOpeningDocumentsInPlace = YES;
				INFOPLIST_KEY_UIApplicationSceneManifest_Generation = YES;
				INFOPLIST_KEY_UIApplicationSupportsIndirectInputEvents = YES;
				INFOPLIST_KEY_UILaunchScreen_Generation = YES;
				INFOPLIST_KEY_UISupportedInterfaceOrientations_iPad = "UIInterfaceOrientationPortrait UIInterfaceOrientationPortraitUpsideDown UIInterfaceOrientationLandscapeLeft UIInterfaceOrientationLandscapeRight";
				INFOPLIST_KEY_UISupportedInterfaceOrientations_iPhone = "UIInterfaceOrientationPortrait UIInterfaceOrientationLandscapeLeft UIInterfaceOrientationLandscapeRight";
				INFOPLIST_KEY_UISupportsDocumentBrowser = YES;
				IPHONEOS_DEPLOYMENT_TARGET = 15.5;
				LD_RUNPATH_SEARCH_PATHS = (
					"$(inherited)",
					"@executable_path/Frameworks",
				);
				MARKETING_VERSION = 1.0;
				PRODUCT_BUNDLE_IDENTIFIER = com.CRG.EmojiArt;
				PRODUCT_NAME = EmojiArt;
				SDKROOT = iphoneos;
				SWIFT_EMIT_LOC_STRINGS = YES;
				SWIFT_VERSION = 5.0;
				TARGETED_DEVICE_FAMILY = "1,2";
				VALIDATE_PRODUCT = YES;
			};
			name = Release;
		};
		F8F0DAD528AED962001C34EC /* Debug */ = {
			isa = XCBuildConfiguration;
			buildSettings = {
				ASSETCATALOG_COMPILER_APPICON_NAME = AppIcon;
				ASSETCATALOG_COMPILER_GLOBAL_ACCENT_COLOR_NAME = AccentColor;
				CODE_SIGN_ENTITLEMENTS = macOS/macOS.entitlements;
				CODE_SIGN_STYLE = Automatic;
				COMBINE_HIDPI_IMAGES = YES;
				CURRENT_PROJECT_VERSION = 1;
				DEVELOPMENT_TEAM = EKZMJ583Y3;
				ENABLE_HARDENED_RUNTIME = YES;
				ENABLE_PREVIEWS = YES;
				GENERATE_INFOPLIST_FILE = YES;
				INFOPLIST_FILE = macOS/Info.plist;
				INFOPLIST_KEY_NSHumanReadableCopyright = "";
				LD_RUNPATH_SEARCH_PATHS = (
					"$(inherited)",
					"@executable_path/../Frameworks",
				);
				MACOSX_DEPLOYMENT_TARGET = 12.3;
				MARKETING_VERSION = 1.0;
				PRODUCT_BUNDLE_IDENTIFIER = com.CRG.EmojiArt;
				PRODUCT_NAME = EmojiArt;
				SDKROOT = macosx;
				SWIFT_EMIT_LOC_STRINGS = YES;
				SWIFT_VERSION = 5.0;
			};
			name = Debug;
		};
		F8F0DAD628AED962001C34EC /* Release */ = {
			isa = XCBuildConfiguration;
			buildSettings = {
				ASSETCATALOG_COMPILER_APPICON_NAME = AppIcon;
				ASSETCATALOG_COMPILER_GLOBAL_ACCENT_COLOR_NAME = AccentColor;
				CODE_SIGN_ENTITLEMENTS = macOS/macOS.entitlements;
				CODE_SIGN_STYLE = Automatic;
				COMBINE_HIDPI_IMAGES = YES;
				CURRENT_PROJECT_VERSION = 1;
				DEVELOPMENT_TEAM = EKZMJ583Y3;
				ENABLE_HARDENED_RUNTIME = YES;
				ENABLE_PREVIEWS = YES;
				GENERATE_INFOPLIST_FILE = YES;
				INFOPLIST_FILE = macOS/Info.plist;
				INFOPLIST_KEY_NSHumanReadableCopyright = "";
				LD_RUNPATH_SEARCH_PATHS = (
					"$(inherited)",
					"@executable_path/../Frameworks",
				);
				MACOSX_DEPLOYMENT_TARGET = 12.3;
				MARKETING_VERSION = 1.0;
				PRODUCT_BUNDLE_IDENTIFIER = com.CRG.EmojiArt;
				PRODUCT_NAME = EmojiArt;
				SDKROOT = macosx;
				SWIFT_EMIT_LOC_STRINGS = YES;
				SWIFT_VERSION = 5.0;
			};
			name = Release;
		};
/* End XCBuildConfiguration section */

/* Begin XCConfigurationList section */
		F8F0DAB128AED961001C34EC /* Build configuration list for PBXProject "EmojiArt" */ = {
			isa = XCConfigurationList;
			buildConfigurations = (
				F8F0DACF28AED962001C34EC /* Debug */,
				F8F0DAD028AED962001C34EC /* Release */,
			);
			defaultConfigurationIsVisible = 0;
			defaultConfigurationName = Release;
		};
		F8F0DAD128AED962001C34EC /* Build configuration list for PBXNativeTarget "EmojiArt (iOS)" */ = {
			isa = XCConfigurationList;
			buildConfigurations = (
				F8F0DAD228AED962001C34EC /* Debug */,
				F8F0DAD328AED962001C34EC /* Release */,
			);
			defaultConfigurationIsVisible = 0;
			defaultConfigurationName = Release;
		};
		F8F0DAD428AED962001C34EC /* Build configuration list for PBXNativeTarget "EmojiArt (macOS)" */ = {
			isa = XCConfigurationList;
			buildConfigurations = (
				F8F0DAD528AED962001C34EC /* Debug */,
				F8F0DAD628AED962001C34EC /* Release */,
			);
			defaultConfigurationIsVisible = 0;
			defaultConfigurationName = Release;
		};
/* End XCConfigurationList section */
	};
	rootObject = F8F0DAAE28AED961001C34EC /* Project object */;
}
